// !$*UTF8*$!
{
	archiveVersion = 1;
	classes = {
	};
	objectVersion = 50;
	objects = {

/* Begin PBXBuildFile section */
		CEC3252B23EC8CD0004A18FB /* AppDelegate.swift in Sources */ = {isa = PBXBuildFile; fileRef = CEC3252A23EC8CD0004A18FB /* AppDelegate.swift */; };
		CEC3252D23EC8CD0004A18FB /* SceneDelegate.swift in Sources */ = {isa = PBXBuildFile; fileRef = CEC3252C23EC8CD0004A18FB /* SceneDelegate.swift */; };
		CEC3252F23EC8CD0004A18FB /* ViewController.swift in Sources */ = {isa = PBXBuildFile; fileRef = CEC3252E23EC8CD0004A18FB /* ViewController.swift */; };
		CEC3253223EC8CD0004A18FB /* Main.storyboard in Resources */ = {isa = PBXBuildFile; fileRef = CEC3253023EC8CD0004A18FB /* Main.storyboard */; };
		CEC3253423EC8CD5004A18FB /* Assets.xcassets in Resources */ = {isa = PBXBuildFile; fileRef = CEC3253323EC8CD5004A18FB /* Assets.xcassets */; };
		CEC3253723EC8CD5004A18FB /* LaunchScreen.storyboard in Resources */ = {isa = PBXBuildFile; fileRef = CEC3253523EC8CD5004A18FB /* LaunchScreen.storyboard */; };
		CEC3254323ECAE0F004A18FB /* SecondViewController.swift in Sources */ = {isa = PBXBuildFile; fileRef = CEC3254223ECAE0F004A18FB /* SecondViewController.swift */; };
/* End PBXBuildFile section */

/* Begin PBXFileReference section */
		CEC3252723EC8CD0004A18FB /* UIViewController.app */ = {isa = PBXFileReference; explicitFileType = wrapper.application; includeInIndex = 0; path = UIViewController.app; sourceTree = BUILT_PRODUCTS_DIR; };
		CEC3252A23EC8CD0004A18FB /* AppDelegate.swift */ = {isa = PBXFileReference; lastKnownFileType = sourcecode.swift; path = AppDelegate.swift; sourceTree = "<group>"; };
		CEC3252C23EC8CD0004A18FB /* SceneDelegate.swift */ = {isa = PBXFileReference; lastKnownFileType = sourcecode.swift; path = SceneDelegate.swift; sourceTree = "<group>"; };
		CEC3252E23EC8CD0004A18FB /* ViewController.swift */ = {isa = PBXFileReference; lastKnownFileType = sourcecode.swift; path = ViewController.swift; sourceTree = "<group>"; };
		CEC3253123EC8CD0004A18FB /* Base */ = {isa = PBXFileReference; lastKnownFileType = file.storyboard; name = Base; path = Base.lproj/Main.storyboard; sourceTree = "<group>"; };
		CEC3253323EC8CD5004A18FB /* Assets.xcassets */ = {isa = PBXFileReference; lastKnownFileType = folder.assetcatalog; path = Assets.xcassets; sourceTree = "<group>"; };
		CEC3253623EC8CD5004A18FB /* Base */ = {isa = PBXFileReference; lastKnownFileType = file.storyboard; name = Base; path = Base.lproj/LaunchScreen.storyboard; sourceTree = "<group>"; };
		CEC3253823EC8CD5004A18FB /* Info.plist */ = {isa = PBXFileReference; lastKnownFileType = text.plist.xml; path = Info.plist; sourceTree = "<group>"; };
		CEC3254223ECAE0F004A18FB /* SecondViewController.swift */ = {isa = PBXFileReference; lastKnownFileType = sourcecode.swift; path = SecondViewController.swift; sourceTree = "<group>"; };
/* End PBXFileReference section */

/* Begin PBXFrameworksBuildPhase section */
		CEC3252423EC8CD0004A18FB /* Frameworks */ = {
			isa = PBXFrameworksBuildPhase;
			buildActionMask = 2147483647;
			files = (
			);
			runOnlyForDeploymentPostprocessing = 0;
		};
/* End PBXFrameworksBuildPhase section */

/* Begin PBXGroup section */
		CEC3251E23EC8CD0004A18FB = {
			isa = PBXGroup;
			children = (
				CEC3252923EC8CD0004A18FB /* UIViewController */,
				CEC3252823EC8CD0004A18FB /* Products */,
			);
			sourceTree = "<group>";
		};
		CEC3252823EC8CD0004A18FB /* Products */ = {
			isa = PBXGroup;
			children = (
				CEC3252723EC8CD0004A18FB /* UIViewController.app */,
			);
			name = Products;
			sourceTree = "<group>";
		};
		CEC3252923EC8CD0004A18FB /* UIViewController */ = {
			isa = PBXGroup;
			children = (
				CEC3252A23EC8CD0004A18FB /* AppDelegate.swift */,
				CEC3252C23EC8CD0004A18FB /* SceneDelegate.swift */,
				CEC3252E23EC8CD0004A18FB /* ViewController.swift */,
				CEC3254223ECAE0F004A18FB /* SecondViewController.swift */,
				CEC3253023EC8CD0004A18FB /* Main.storyboard */,
				CEC3253323EC8CD5004A18FB /* Assets.xcassets */,
				CEC3253523EC8CD5004A18FB /* LaunchScreen.storyboard */,
				CEC3253823EC8CD5004A18FB /* Info.plist */,
			);
			path = UIViewController;
			sourceTree = "<group>";
		};
/* End PBXGroup section */

/* Begin PBXNativeTarget section */
		CEC3252623EC8CD0004A18FB /* UIViewController */ = {
			isa = PBXNativeTarget;
			buildConfigurationList = CEC3253B23EC8CD5004A18FB /* Build configuration list for PBXNativeTarget "UIViewController" */;
			buildPhases = (
				CEC3252323EC8CD0004A18FB /* Sources */,
				CEC3252423EC8CD0004A18FB /* Frameworks */,
				CEC3252523EC8CD0004A18FB /* Resources */,
			);
			buildRules = (
			);
			dependencies = (
			);
			name = UIViewController;
			productName = UIViewController;
			productReference = CEC3252723EC8CD0004A18FB /* UIViewController.app */;
			productType = "com.apple.product-type.application";
		};
/* End PBXNativeTarget section */

/* Begin PBXProject section */
		CEC3251F23EC8CD0004A18FB /* Project object */ = {
			isa = PBXProject;
			attributes = {
				LastSwiftUpdateCheck = 1130;
				LastUpgradeCheck = 1130;
				ORGANIZATIONNAME = SergeevaPolina;
				TargetAttributes = {
					CEC3252623EC8CD0004A18FB = {
						CreatedOnToolsVersion = 11.3.1;
					};
				};
			};
			buildConfigurationList = CEC3252223EC8CD0004A18FB /* Build configuration list for PBXProject "UIViewController" */;
			compatibilityVersion = "Xcode 9.3";
			developmentRegion = en;
			hasScannedForEncodings = 0;
			knownRegions = (
				en,
				Base,
			);
			mainGroup = CEC3251E23EC8CD0004A18FB;
			productRefGroup = CEC3252823EC8CD0004A18FB /* Products */;
			projectDirPath = "";
			projectRoot = "";
			targets = (
				CEC3252623EC8CD0004A18FB /* UIViewController */,
			);
		};
/* End PBXProject section */

/* Begin PBXResourcesBuildPhase section */
		CEC3252523EC8CD0004A18FB /* Resources */ = {
			isa = PBXResourcesBuildPhase;
			buildActionMask = 2147483647;
			files = (
				CEC3253723EC8CD5004A18FB /* LaunchScreen.storyboard in Resources */,
				CEC3253423EC8CD5004A18FB /* Assets.xcassets in Resources */,
				CEC3253223EC8CD0004A18FB /* Main.storyboard in Resources */,
			);
			runOnlyForDeploymentPostprocessing = 0;
		};
/* End PBXResourcesBuildPhase section */

/* Begin PBXSourcesBuildPhase section */
		CEC3252323EC8CD0004A18FB /* Sources */ = {
			isa = PBXSourcesBuildPhase;
			buildActionMask = 2147483647;
			files = (
				CEC3254323ECAE0F004A18FB /* SecondViewController.swift in Sources */,
				CEC3252F23EC8CD0004A18FB /* ViewController.swift in Sources */,
				CEC3252B23EC8CD0004A18FB /* AppDelegate.swift in Sources */,
				CEC3252D23EC8CD0004A18FB /* SceneDelegate.swift in Sources */,
			);
			runOnlyForDeploymentPostprocessing = 0;
		};
/* End PBXSourcesBuildPhase section */

/* Begin PBXVariantGroup section */
		CEC3253023EC8CD0004A18FB /* Main.storyboard */ = {
			isa = PBXVariantGroup;
			children = (
				CEC3253123EC8CD0004A18FB /* Base */,
			);
			name = Main.storyboard;
			sourceTree = "<group>";
		};
		CEC3253523EC8CD5004A18FB /* LaunchScreen.storyboard */ = {
			isa = PBXVariantGroup;
			children = (
				CEC3253623EC8CD5004A18FB /* Base */,
			);
			name = LaunchScreen.storyboard;
			sourceTree = "<group>";
		};
/* End PBXVariantGroup section */

/* Begin XCBuildConfiguration section */
		CEC3253923EC8CD5004A18FB /* Debug */ = {
			isa = XCBuildConfiguration;
			buildSettings = {
				ALWAYS_SEARCH_USER_PATHS = NO;
				CLANG_ANALYZER_NONNULL = YES;
				CLANG_ANALYZER_NUMBER_OBJECT_CONVERSION = YES_AGGRESSIVE;
				CLANG_CXX_LANGUAGE_STANDARD = "gnu++14";
				CLANG_CXX_LIBRARY = "libc++";
				CLANG_ENABLE_MODULES = YES;
				CLANG_ENABLE_OBJC_ARC = YES;
				CLANG_ENABLE_OBJC_WEAK = YES;
				CLANG_WARN_BLOCK_CAPTURE_AUTORELEASING = YES;
				CLANG_WARN_BOOL_CONVERSION = YES;
				CLANG_WARN_COMMA = YES;
				CLANG_WARN_CONSTANT_CONVERSION = YES;
				CLANG_WARN_DEPRECATED_OBJC_IMPLEMENTATIONS = YES;
				CLANG_WARN_DIRECT_OBJC_ISA_USAGE = YES_ERROR;
				CLANG_WARN_DOCUMENTATION_COMMENTS = YES;
				CLANG_WARN_EMPTY_BODY = YES;
				CLANG_WARN_ENUM_CONVERSION = YES;
				CLANG_WARN_INFINITE_RECURSION = YES;
				CLANG_WARN_INT_CONVERSION = YES;
				CLANG_WARN_NON_LITERAL_NULL_CONVERSION = YES;
				CLANG_WARN_OBJC_IMPLICIT_RETAIN_SELF = YES;
				CLANG_WARN_OBJC_LITERAL_CONVERSION = YES;
				CLANG_WARN_OBJC_ROOT_CLASS = YES_ERROR;
				CLANG_WARN_RANGE_LOOP_ANALYSIS = YES;
				CLANG_WARN_STRICT_PROTOTYPES = YES;
				CLANG_WARN_SUSPICIOUS_MOVE = YES;
				CLANG_WARN_UNGUARDED_AVAILABILITY = YES_AGGRESSIVE;
				CLANG_WARN_UNREACHABLE_CODE = YES;
				CLANG_WARN__DUPLICATE_METHOD_MATCH = YES;
				COPY_PHASE_STRIP = NO;
				DEBUG_INFORMATION_FORMAT = dwarf;
				ENABLE_STRICT_OBJC_MSGSEND = YES;
				ENABLE_TESTABILITY = YES;
				GCC_C_LANGUAGE_STANDARD = gnu11;
				GCC_DYNAMIC_NO_PIC = NO;
				GCC_NO_COMMON_BLOCKS = YES;
				GCC_OPTIMIZATION_LEVEL = 0;
				GCC_PREPROCESSOR_DEFINITIONS = (
					"DEBUG=1",
					"$(inherited)",
				);
				GCC_WARN_64_TO_32_BIT_CONVERSION = YES;
				GCC_WARN_ABOUT_RETURN_TYPE = YES_ERROR;
				GCC_WARN_UNDECLARED_SELECTOR = YES;
				GCC_WARN_UNINITIALIZED_AUTOS = YES_AGGRESSIVE;
				GCC_WARN_UNUSED_FUNCTION = YES;
				GCC_WARN_UNUSED_VARIABLE = YES;
				IPHONEOS_DEPLOYMENT_TARGET = 13.2;
				MTL_ENABLE_DEBUG_INFO = INCLUDE_SOURCE;
				MTL_FAST_MATH = YES;
				ONLY_ACTIVE_ARCH = YES;
				SDKROOT = iphoneos;
				SWIFT_ACTIVE_COMPILATION_CONDITIONS = DEBUG;
				SWIFT_OPTIMIZATION_LEVEL = "-Onone";
			};
			name = Debug;
		};
		CEC3253A23EC8CD5004A18FB /* Release */ = {
			isa = XCBuildConfiguration;
			buildSettings = {
				ALWAYS_SEARCH_USER_PATHS = NO;
				CLANG_ANALYZER_NONNULL = YES;
				CLANG_ANALYZER_NUMBER_OBJECT_CONVERSION = YES_AGGRESSIVE;
				CLANG_CXX_LANGUAGE_STANDARD = "gnu++14";
				CLANG_CXX_LIBRARY = "libc++";
				CLANG_ENABLE_MODULES = YES;
				CLANG_ENABLE_OBJC_ARC = YES;
				CLANG_ENABLE_OBJC_WEAK = YES;
				CLANG_WARN_BLOCK_CAPTURE_AUTORELEASING = YES;
				CLANG_WARN_BOOL_CONVERSION = YES;
				CLANG_WARN_COMMA = YES;
				CLANG_WARN_CONSTANT_CONVERSION = YES;
				CLANG_WARN_DEPRECATED_OBJC_IMPLEMENTATIONS = YES;
				CLANG_WARN_DIRECT_OBJC_ISA_USAGE = YES_ERROR;
				CLANG_WARN_DOCUMENTATION_COMMENTS = YES;
				CLANG_WARN_EMPTY_BODY = YES;
				CLANG_WARN_ENUM_CONVERSION = YES;
				CLANG_WARN_INFINITE_RECURSION = YES;
				CLANG_WARN_INT_CONVERSION = YES;
				CLANG_WARN_NON_LITERAL_NULL_CONVERSION = YES;
				CLANG_WARN_OBJC_IMPLICIT_RETAIN_SELF = YES;
				CLANG_WARN_OBJC_LITERAL_CONVERSION = YES;
				CLANG_WARN_OBJC_ROOT_CLASS = YES_ERROR;
				CLANG_WARN_RANGE_LOOP_ANALYSIS = YES;
				CLANG_WARN_STRICT_PROTOTYPES = YES;
				CLANG_WARN_SUSPICIOUS_MOVE = YES;
				CLANG_WARN_UNGUARDED_AVAILABILITY = YES_AGGRESSIVE;
				CLANG_WARN_UNREACHABLE_CODE = YES;
				CLANG_WARN__DUPLICATE_METHOD_MATCH = YES;
				COPY_PHASE_STRIP = NO;
				DEBUG_INFORMATION_FORMAT = "dwarf-with-dsym";
				ENABLE_NS_ASSERTIONS = NO;
				ENABLE_STRICT_OBJC_MSGSEND = YES;
				GCC_C_LANGUAGE_STANDARD = gnu11;
				GCC_NO_COMMON_BLOCKS = YES;
				GCC_WARN_64_TO_32_BIT_CONVERSION = YES;
				GCC_WARN_ABOUT_RETURN_TYPE = YES_ERROR;
				GCC_WARN_UNDECLARED_SELECTOR = YES;
				GCC_WARN_UNINITIALIZED_AUTOS = YES_AGGRESSIVE;
				GCC_WARN_UNUSED_FUNCTION = YES;
				GCC_WARN_UNUSED_VARIABLE = YES;
				IPHONEOS_DEPLOYMENT_TARGET = 13.2;
				MTL_ENABLE_DEBUG_INFO = NO;
				MTL_FAST_MATH = YES;
				SDKROOT = iphoneos;
				SWIFT_COMPILATION_MODE = wholemodule;
				SWIFT_OPTIMIZATION_LEVEL = "-O";
				VALIDATE_PRODUCT = YES;
			};
			name = Release;
		};
		CEC3253C23EC8CD5004A18FB /* Debug */ = {
			isa = XCBuildConfiguration;
			buildSettings = {
				ASSETCATALOG_COMPILER_APPICON_NAME = AppIcon;
				CODE_SIGN_STYLE = Automatic;
				DEVELOPMENT_TEAM = 49A3DX8W37;
				INFOPLIST_FILE = UIViewController/Info.plist;
				LD_RUNPATH_SEARCH_PATHS = (
					"$(inherited)",
					"@executable_path/Frameworks",
				);
				PRODUCT_BUNDLE_IDENTIFIER = sergeeva.polina.UIViewController;
				PRODUCT_NAME = "$(TARGET_NAME)";
				SWIFT_VERSION = 5.0;
				TARGETED_DEVICE_FAMILY = 1;
			};
			name = Debug;
		};
		CEC3253D23EC8CD5004A18FB /* Release */ = {
			isa = XCBuildConfiguration;
			buildSettings = {
				ASSETCATALOG_COMPILER_APPICON_NAME = AppIcon;
				CODE_SIGN_STYLE = Automatic;
				DEVELOPMENT_TEAM = 49A3DX8W37;
				INFOPLIST_FILE = UIViewController/Info.plist;
				LD_RUNPATH_SEARCH_PATHS = (
					"$(inherited)",
					"@executable_path/Frameworks",
				);
				PRODUCT_BUNDLE_IDENTIFIER = sergeeva.polina.UIViewController;
				PRODUCT_NAME = "$(TARGET_NAME)";
				SWIFT_VERSION = 5.0;
				TARGETED_DEVICE_FAMILY = 1;
			};
			name = Release;
		};
/* End XCBuildConfiguration section */

/* Begin XCConfigurationList section */
		CEC3252223EC8CD0004A18FB /* Build configuration list for PBXProject "UIViewController" */ = {
			isa = XCConfigurationList;
			buildConfigurations = (
				CEC3253923EC8CD5004A18FB /* Debug */,
				CEC3253A23EC8CD5004A18FB /* Release */,
			);
			defaultConfigurationIsVisible = 0;
			defaultConfigurationName = Release;
		};
		CEC3253B23EC8CD5004A18FB /* Build configuration list for PBXNativeTarget "UIViewController" */ = {
			isa = XCConfigurationList;
			buildConfigurations = (
				CEC3253C23EC8CD5004A18FB /* Debug */,
				CEC3253D23EC8CD5004A18FB /* Release */,
			);
			defaultConfigurationIsVisible = 0;
			defaultConfigurationName = Release;
		};
/* End XCConfigurationList section */
	};
	rootObject = CEC3251F23EC8CD0004A18FB /* Project object */;
}
